{
  "name": "examples",
  "lockfileVersion": 2,
  "requires": true,
  "packages": {
    "": {
      "dependencies": {
        "@phorbas/opaque": "file:..",
        "cbor-codec": "^0.8.0"
      }
    },
    "..": {
      "name": "@phorbas/opaque",
      "version": "0.1.9",
      "license": "BSD-2-Clause",
      "devDependencies": {
        "@rollup/plugin-node-resolve": "^13.0.4",
        "ecc-codec": "0.0.5",
        "rollup": "^2.54.0",
        "rollup-plugin-dgnotify": "^0.1.7",
        "rollup-plugin-jsy": "^1.7.2",
        "u8-utils": "^0.3.8"
      }
    },
    "node_modules/@phorbas/opaque": {
      "resolved": "..",
      "link": true
    },
    "node_modules/cbor-codec": {
      "version": "0.8.0",
      "resolved": "https://registry.npmjs.org/cbor-codec/-/cbor-codec-0.8.0.tgz",
      "integrity": "sha512-w+IBFm8afpU2LE7pGFQsRDDCWLv2LgEEAhSQqcW0axkLigQRj/KdkCYSmCzD1pP9qcI07kN7mvmvMmDEn4znew=="
    }
  },
  "dependencies": {
    "@phorbas/opaque": {
      "version": "file:..",
      "requires": {
        "@rollup/plugin-node-resolve": "^13.0.4",
        "ecc-codec": "0.0.5",
        "rollup": "^2.54.0",
        "rollup-plugin-dgnotify": "^0.1.7",
        "rollup-plugin-jsy": "^1.7.2",
        "u8-utils": "^0.3.8"
      }
    },
    "cbor-codec": {
      "version": "0.8.0",
      "resolved": "https://registry.npmjs.org/cbor-codec/-/cbor-codec-0.8.0.tgz",
      "integrity": "sha512-w+IBFm8afpU2LE7pGFQsRDDCWLv2LgEEAhSQqcW0axkLigQRj/KdkCYSmCzD1pP9qcI07kN7mvmvMmDEn4znew=="
    }
  }
}
